
Microsoft Visual Studio Solution File, Format Version 12.00
# Visual Studio Version 17
VisualStudioVersion = 17.4.33205.214
MinimumVisualStudioVersion = 10.0.40219.1
Project("{9A19103F-16F7-4668-BE54-9A1E7A4F7556}") = "RazorPage2", "RazorPage2\RazorPage2.csproj", "{EDE4D4A8-EFE5-4D16-AB00-8F0CA95D776E}"
EndProject
Project("{FAE04EC0-301F-11D3-BF4B-00C04F79EFBC}") = "RazorPageDemo", "RazorPageDemo\RazorPageDemo.csproj", "{F48EA461-0F3E-4FA0-9EF4-5CC2C9AC7D01}"
EndProject
Global
	GlobalSection(SolutionConfigurationPlatforms) = preSolution
		Debug|Any CPU = Debug|Any CPU
		Release|Any CPU = Release|Any CPU
	EndGlobalSection
	GlobalSection(ProjectConfigurationPlatforms) = postSolution
		{EDE4D4A8-EFE5-4D16-AB00-8F0CA95D776E}.Debug|Any CPU.ActiveCfg = Debug|Any CPU
		{EDE4D4A8-EFE5-4D16-AB00-8F0CA95D776E}.Debug|Any CPU.Build.0 = Debug|Any CPU
		{EDE4D4A8-EFE5-4D16-AB00-8F0CA95D776E}.Release|Any CPU.ActiveCfg = Release|Any CPU
		{EDE4D4A8-EFE5-4D16-AB00-8F0CA95D776E}.Release|Any CPU.Build.0 = Release|Any CPU
		{F48EA461-0F3E-4FA0-9EF4-5CC2C9AC7D01}.Debug|Any CPU.ActiveCfg = Debug|Any CPU
		{F48EA461-0F3E-4FA0-9EF4-5CC2C9AC7D01}.Debug|Any CPU.Build.0 = Debug|Any CPU
		{F48EA461-0F3E-4FA0-9EF4-5CC2C9AC7D01}.Release|Any CPU.ActiveCfg = Release|Any CPU
		{F48EA461-0F3E-4FA0-9EF4-5CC2C9AC7D01}.Release|Any CPU.Build.0 = Release|Any CPU
	EndGlobalSection
	GlobalSection(SolutionProperties) = preSolution
		HideSolutionNode = FALSE
	EndGlobalSection
	GlobalSection(ExtensibilityGlobals) = postSolution
		SolutionGuid = {C0F2C1CD-0658-4968-B7F6-C9FA4608FB41}
	EndGlobalSection
EndGlobal
